
Microsoft Visual Studio Solution File, Format Version 12.00
# Visual Studio Version 17
VisualStudioVersion = 17.0.31912.275
MinimumVisualStudioVersion = 10.0.40219.1
Project("{9A19103F-16F7-4668-BE54-9A1E7A4F7556}") = "Tolitech.CodeGenerator.Notification", "Notification\Tolitech.CodeGenerator.Notification.csproj", "{99161093-181D-4902-8479-06AACB42F22C}"
EndProject
Project("{FAE04EC0-301F-11D3-BF4B-00C04F79EFBC}") = "Tolitech.CodeGenerator.Notification.Tests", "Notification.Tests\Tolitech.CodeGenerator.Notification.Tests.csproj", "{5FAC4DF5-C461-40BE-9826-60FEDE745AB8}"
EndProject
Global
	GlobalSection(SolutionConfigurationPlatforms) = preSolution
		Debug|Any CPU = Debug|Any CPU
		Release|Any CPU = Release|Any CPU
	EndGlobalSection
	GlobalSection(ProjectConfigurationPlatforms) = postSolution
		{99161093-181D-4902-8479-06AACB42F22C}.Debug|Any CPU.ActiveCfg = Debug|Any CPU
		{99161093-181D-4902-8479-06AACB42F22C}.Debug|Any CPU.Build.0 = Debug|Any CPU
		{99161093-181D-4902-8479-06AACB42F22C}.Release|Any CPU.ActiveCfg = Release|Any CPU
		{99161093-181D-4902-8479-06AACB42F22C}.Release|Any CPU.Build.0 = Release|Any CPU
		{5FAC4DF5-C461-40BE-9826-60FEDE745AB8}.Debug|Any CPU.ActiveCfg = Debug|Any CPU
		{5FAC4DF5-C461-40BE-9826-60FEDE745AB8}.Debug|Any CPU.Build.0 = Debug|Any CPU
		{5FAC4DF5-C461-40BE-9826-60FEDE745AB8}.Release|Any CPU.ActiveCfg = Release|Any CPU
		{5FAC4DF5-C461-40BE-9826-60FEDE745AB8}.Release|Any CPU.Build.0 = Release|Any CPU
	EndGlobalSection
	GlobalSection(SolutionProperties) = preSolution
		HideSolutionNode = FALSE
	EndGlobalSection
	GlobalSection(ExtensibilityGlobals) = postSolution
		SolutionGuid = {333CFFC2-E610-49AE-80BB-8C1529DDC65E}
	EndGlobalSection
EndGlobal
